{
    "name": "mop",
    "lockfileVersion": 3,
    "requires": true,
    "packages": {
        "": {
            "name": "mop",
            "dependencies": {
                "@fancyapps/ui": "^5.0.22",
                "@mapbox/leaflet-pip": "^1.1.0",
                "baguettebox.js": "1.11.1",
                "bootstrap": "^5.1.3",
                "bootstrap-autocomplete": "2.3.7",
                "bootstrap-icons": "1.10.3",
                "datatables.net-bs5": "^1.13.6",
                "datatables.net-buttons-bs5": "^2.3.6",
                "datatables.net-plugins": "^1.13.6",
                "datatables.net-responsive-bs5": "^2.4.1",
                "datatables.net-searchbuilder-bs5": "^1.4.2",
                "datatables.net-searchpanes-bs5": "^2.1.2",
                "jquery": "^3.7.0",
                "jquery-ui-dist": "^1.13.1",
                "leaflet": "^1.7.1",
                "leaflet-draw": "^1.0.4",
                "leaflet-groupedlayercontrol": "^0.6.1",
                "leaflet-imageoverlay-rotated": "^v0.2.1",
                "leaflet.fullscreen": "2.2.0",
                "leaflet.markercluster": "^1.5.3",
                "muuri": "^0.9.5"
            },
            "devDependencies": {}
        },
        "node_modules/@fancyapps/ui": {
            "version": "5.0.22",
            "resolved": "https://registry.npmjs.org/@fancyapps/ui/-/ui-5.0.22.tgz",
            "integrity": "sha512-44A5/Hm59mn53FqZRyM4HO/R7UWE79UxgNyHmaudSe+HuU5Kl1g6lxR4Ol1QFaqNS97Pbdytlu4SxYsOX1BTxw=="
        },
        "node_modules/@mapbox/leaflet-pip": {
            "version": "1.1.0",
            "resolved": "https://registry.npmjs.org/@mapbox/leaflet-pip/-/leaflet-pip-1.1.0.tgz",
            "integrity": "sha512-uySBUgl8Mxv4YTTf2SKcCA0XdGL9iBJOrgMUwDk6nHdKsg840X56OTJlMnlVj+8Yz8pIDRUc0BRFnRW9TD24VA==",
            "dependencies": {
                "geojson-utils": "~1.1.0",
                "uglify-js": "2.7.4"
            }
        },
        "node_modules/@popperjs/core": {
            "version": "2.11.7",
            "resolved": "https://registry.npmjs.org/@popperjs/core/-/core-2.11.7.tgz",
            "integrity": "sha512-Cr4OjIkipTtcXKjAsm8agyleBuDHvxzeBoa1v543lbv1YaIwQjESsVcmjiWiPEbC1FIeHOG/Op9kdCmAmiS3Kw==",
            "peer": true,
            "funding": {
                "type": "opencollective",
                "url": "https://opencollective.com/popperjs"
            }
        },
        "node_modules/@types/jquery": {
            "version": "3.5.17",
            "resolved": "https://registry.npmjs.org/@types/jquery/-/jquery-3.5.17.tgz",
            "integrity": "sha512-U40tNEAGSTZ7R1OC6kGkD7f4TKW5DoVx6jd9kTB9mo5truFMi1m9Yohnw9kl1WpTPvDdj7zAw38LfCHSqnk5kA==",
            "dependencies": {
                "@types/sizzle": "*"
            }
        },
        "node_modules/@types/sizzle": {
            "version": "2.3.3",
            "resolved": "https://registry.npmjs.org/@types/sizzle/-/sizzle-2.3.3.tgz",
            "integrity": "sha512-JYM8x9EGF163bEyhdJBpR2QX1R5naCJHC8ucJylJ3w9/CVBaskdQ8WqBf8MmQrd1kRvp/a4TS8HJ+bxzR7ZJYQ=="
        },
        "node_modules/align-text": {
            "version": "0.1.4",
            "resolved": "https://registry.npmjs.org/align-text/-/align-text-0.1.4.tgz",
            "integrity": "sha512-GrTZLRpmp6wIC2ztrWW9MjjTgSKccffgFagbNDOX95/dcjEcYZibYTeaOntySQLcdw1ztBoFkviiUvTMbb9MYg==",
            "dependencies": {
                "kind-of": "^3.0.2",
                "longest": "^1.0.1",
                "repeat-string": "^1.5.2"
            },
            "engines": {
                "node": ">=0.10.0"
            }
        },
        "node_modules/async": {
            "version": "0.2.10",
            "resolved": "https://registry.npmjs.org/async/-/async-0.2.10.tgz",
            "integrity": "sha512-eAkdoKxU6/LkKDBzLpT+t6Ff5EtfSF4wx1WfJiPEEV7WNLnDaRXk0oVysiEPm262roaachGexwUv94WhSgN5TQ=="
        },
        "node_modules/baguettebox.js": {
            "version": "1.11.1",
            "resolved": "https://registry.npmjs.org/baguettebox.js/-/baguettebox.js-1.11.1.tgz",
            "integrity": "sha512-0HnUVs+xaqwQOVbfi0kwZnZ1fJNWE5vJLCoCAtgQBtPmOJa1fhN8gubaBFOBGDkQy/vz6PWSr7B3WilhQKjyeQ=="
        },
        "node_modules/bootstrap": {
            "version": "5.2.3",
            "resolved": "https://registry.npmjs.org/bootstrap/-/bootstrap-5.2.3.tgz",
            "integrity": "sha512-cEKPM+fwb3cT8NzQZYEu4HilJ3anCrWqh3CHAok1p9jXqMPsPTBhU25fBckEJHJ/p+tTxTFTsFQGM+gaHpi3QQ==",
            "funding": [
                {
                    "type": "github",
                    "url": "https://github.com/sponsors/twbs"
                },
                {
                    "type": "opencollective",
                    "url": "https://opencollective.com/bootstrap"
                }
            ],
            "peerDependencies": {
                "@popperjs/core": "^2.11.6"
            }
        },
        "node_modules/bootstrap-autocomplete": {
            "version": "2.3.7",
            "resolved": "https://registry.npmjs.org/bootstrap-autocomplete/-/bootstrap-autocomplete-2.3.7.tgz",
            "integrity": "sha512-YD2bev4bDTLsAzkr6lSTuMZOcE7k2+c2BYbtIT+j/XpPnM5ADLlbhR4NnpSsfg6Vde5xQckG/IbdRKrLlAtXOw=="
        },
        "node_modules/bootstrap-icons": {
            "version": "1.10.3",
            "resolved": "https://registry.npmjs.org/bootstrap-icons/-/bootstrap-icons-1.10.3.tgz",
            "integrity": "sha512-7Qvj0j0idEm/DdX9Q0CpxAnJYqBCFCiUI6qzSPYfERMcokVuV9Mdm/AJiVZI8+Gawe4h/l6zFcOzvV7oXCZArw=="
        },
        "node_modules/camelcase": {
            "version": "1.2.1",
            "resolved": "https://registry.npmjs.org/camelcase/-/camelcase-1.2.1.tgz",
            "integrity": "sha512-wzLkDa4K/mzI1OSITC+DUyjgIl/ETNHE9QvYgy6J6Jvqyyz4C0Xfd+lQhb19sX2jMpZV4IssUn0VDVmglV+s4g==",
            "engines": {
                "node": ">=0.10.0"
            }
        },
        "node_modules/center-align": {
            "version": "0.1.3",
            "resolved": "https://registry.npmjs.org/center-align/-/center-align-0.1.3.tgz",
            "integrity": "sha512-Baz3aNe2gd2LP2qk5U+sDk/m4oSuwSDcBfayTCTBoWpfIGO5XFxPmjILQII4NGiZjD6DoDI6kf7gKaxkf7s3VQ==",
            "dependencies": {
                "align-text": "^0.1.3",
                "lazy-cache": "^1.0.3"
            },
            "engines": {
                "node": ">=0.10.0"
            }
        },
        "node_modules/cliui": {
            "version": "2.1.0",
            "resolved": "https://registry.npmjs.org/cliui/-/cliui-2.1.0.tgz",
            "integrity": "sha512-GIOYRizG+TGoc7Wgc1LiOTLare95R3mzKgoln+Q/lE4ceiYH19gUpl0l0Ffq4lJDEf3FxujMe6IBfOCs7pfqNA==",
            "dependencies": {
                "center-align": "^0.1.1",
                "right-align": "^0.1.1",
                "wordwrap": "0.0.2"
            }
        },
        "node_modules/datatables.net": {
            "version": "1.13.4",
            "resolved": "https://registry.npmjs.org/datatables.net/-/datatables.net-1.13.4.tgz",
            "integrity": "sha512-yzhArTOB6tPO2QFKm1z3hA4vabtt2hRvgw8XLsT1xqEirinfGYqWDiWXlkTPTaJv2e7gG+Kf985sXkzBFlGrGQ==",
            "dependencies": {
                "jquery": ">=1.7"
            }
        },
        "node_modules/datatables.net-bs5": {
            "version": "1.13.6",
            "resolved": "https://registry.npmjs.org/datatables.net-bs5/-/datatables.net-bs5-1.13.6.tgz",
            "integrity": "sha512-lXroZoXhLhDulp8gvU7y7wBherg38SbLMGXcHwbnj+XXh4Hvy+d67zSPYbrVI3YiRwYq+aCx15G5qmMj7KjYQg==",
            "dependencies": {
                "datatables.net": ">=1.13.4",
                "jquery": ">=1.7"
            }
        },
        "node_modules/datatables.net-buttons": {
            "version": "2.3.6",
            "resolved": "https://registry.npmjs.org/datatables.net-buttons/-/datatables.net-buttons-2.3.6.tgz",
            "integrity": "sha512-9eid5D2kbTNfGCOiEx5WBHlwfK38W1LMz0AiNZHoSqKAiO0aXGfzrH7L2eY6reHgVMaPvHPAnqeRAjvOul2V/Q==",
            "dependencies": {
                "datatables.net": ">=1.12.1",
                "jquery": ">=1.7"
            }
        },
        "node_modules/datatables.net-buttons-bs5": {
            "version": "2.3.6",
            "resolved": "https://registry.npmjs.org/datatables.net-buttons-bs5/-/datatables.net-buttons-bs5-2.3.6.tgz",
            "integrity": "sha512-rAeK04RvvtfV9Wm893t7jsIcqT/ew1uwLus37uCg2CL2gcXZcb4qR7/mLcL1I80Rz5g+8LeO5ANPAWUnfzaUqg==",
            "dependencies": {
                "datatables.net-bs5": ">=1.12.1",
                "datatables.net-buttons": ">=2.2.3",
                "jquery": ">=1.7"
            }
        },
        "node_modules/datatables.net-plugins": {
            "version": "1.13.6",
            "resolved": "https://registry.npmjs.org/datatables.net-plugins/-/datatables.net-plugins-1.13.6.tgz",
            "integrity": "sha512-CPLH+09OiEAP3PKbZH7u2qcLajgHhy4fBHCdLzjGWJwKbIkhaPu7tby4jZHQXqoolUznbm3TEpJj4eMI1eqcGw==",
            "dependencies": {
                "@types/jquery": "^3.5.16",
                "datatables.net": "^1.13.2"
            }
        },
        "node_modules/datatables.net-responsive": {
            "version": "2.4.1",
            "resolved": "https://registry.npmjs.org/datatables.net-responsive/-/datatables.net-responsive-2.4.1.tgz",
            "integrity": "sha512-6aGZybNb65lRPtd+hPHRyaBgs7D3R2Hw+RQP7he3qH5BTpMH9BG4FxVvyAud0Q4gyopO9I52uf60p2GT++4qOA==",
            "dependencies": {
                "datatables.net": ">=1.12.1",
                "jquery": ">=1.7"
            }
        },
        "node_modules/datatables.net-responsive-bs5": {
            "version": "2.4.1",
            "resolved": "https://registry.npmjs.org/datatables.net-responsive-bs5/-/datatables.net-responsive-bs5-2.4.1.tgz",
            "integrity": "sha512-gtW0IjNMWCWQ+KHpIPcgXiQrq2Dhxz8yKql4sS2WfuYz+Z7645mk7xmqEhy4aqpWEGXdv4rcaZhr4tt49NLOpQ==",
            "dependencies": {
                "datatables.net-bs5": ">=1.12.1",
                "datatables.net-responsive": ">=2.3.0",
                "jquery": ">=1.7"
            }
        },
        "node_modules/datatables.net-searchbuilder": {
            "version": "1.4.2",
            "resolved": "https://registry.npmjs.org/datatables.net-searchbuilder/-/datatables.net-searchbuilder-1.4.2.tgz",
            "integrity": "sha512-VMUuekAbKtm5ogXvhRYkYNYC6vh8SXljSQ9rvhCNvLcvYQW2zX1TAsqwBf82P6i3TYDPdlSARVNsYxOpS9jYzA==",
            "dependencies": {
                "datatables.net": ">=1.12.1",
                "jquery": ">=1.7"
            }
        },
        "node_modules/datatables.net-searchbuilder-bs5": {
            "version": "1.4.2",
            "resolved": "https://registry.npmjs.org/datatables.net-searchbuilder-bs5/-/datatables.net-searchbuilder-bs5-1.4.2.tgz",
            "integrity": "sha512-KZDA3aSMVXMztn/MV3xEBmOiwPCFTogWL3UgVUgPj2QVmDc3f16slVRJZwZVlyNJxQsYHn1Oi+wk+Kb5IHh88A==",
            "dependencies": {
                "datatables.net-bs5": ">=1.12.1",
                "datatables.net-searchbuilder": ">=1.3.4",
                "jquery": ">=1.7"
            }
        },
        "node_modules/datatables.net-searchpanes": {
            "version": "2.1.2",
            "resolved": "https://registry.npmjs.org/datatables.net-searchpanes/-/datatables.net-searchpanes-2.1.2.tgz",
            "integrity": "sha512-gt0rNw6hlJVMLz9j7qoI5o8bMlxEpSA6jAfQ36clhe8Y9Ajbu/no78rrW3AJ2v8K1FkDG1r6S3g/B9KiClEAsQ==",
            "dependencies": {
                "datatables.net": ">=1.12.1",
                "jquery": ">=1.7"
            }
        },
        "node_modules/datatables.net-searchpanes-bs5": {
            "version": "2.1.2",
            "resolved": "https://registry.npmjs.org/datatables.net-searchpanes-bs5/-/datatables.net-searchpanes-bs5-2.1.2.tgz",
            "integrity": "sha512-uVne3/2sPg2FUfge0iymXK6N2gXXWr2gwZ4XUtyaMxiMcE13ZQxI7RUF9y7kVMGVFWBIm7mzWR1QHIlIJsbIyA==",
            "dependencies": {
                "datatables.net-bs5": ">=1.12.1",
                "datatables.net-searchpanes": ">=2.0.2",
                "jquery": ">=1.7"
            }
        },
        "node_modules/decamelize": {
            "version": "1.2.0",
            "resolved": "https://registry.npmjs.org/decamelize/-/decamelize-1.2.0.tgz",
            "integrity": "sha512-z2S+W9X73hAUUki+N+9Za2lBlun89zigOyGrsax+KUQ6wKW4ZoWpEYBkGhQjwAjjDCkWxhY0VKEhk8wzY7F5cA==",
            "engines": {
                "node": ">=0.10.0"
            }
        },
        "node_modules/geojson-utils": {
            "version": "1.1.0",
            "resolved": "https://registry.npmjs.org/geojson-utils/-/geojson-utils-1.1.0.tgz",
            "integrity": "sha512-9irmjugYFrMvGjMw+qW5BQpghJO4ClFMDdPzVe2oDgtH2DhoKMaXqjIYPS5VpfrcnV0kOSrXcj8D9Izmr0AM9Q=="
        },
        "node_modules/is-buffer": {
            "version": "1.1.6",
            "resolved": "https://registry.npmjs.org/is-buffer/-/is-buffer-1.1.6.tgz",
            "integrity": "sha512-NcdALwpXkTm5Zvvbk7owOUSvVvBKDgKP5/ewfXEznmQFfs4ZRmanOeKBTjRVjka3QFoN6XJ+9F3USqfHqTaU5w=="
        },
        "node_modules/jquery": {
            "version": "3.7.1",
            "resolved": "https://registry.npmjs.org/jquery/-/jquery-3.7.1.tgz",
            "integrity": "sha512-m4avr8yL8kmFN8psrbFFFmB/If14iN5o9nw/NgnnM+kybDJpRsAynV2BsfpTYrTRysYUdADVD7CkUUizgkpLfg=="
        },
        "node_modules/jquery-ui-dist": {
            "version": "1.13.2",
            "resolved": "https://registry.npmjs.org/jquery-ui-dist/-/jquery-ui-dist-1.13.2.tgz",
            "integrity": "sha512-oVDRd1NLtTbBwpRKAYdIRgpWVDzeBhfy7Gu0RmY6JEaZtmBq6kDn1pm5SgDiAotrnDS+RoTRXO6xvcNTxA9tOA==",
            "dependencies": {
                "jquery": ">=1.8.0 <4.0.0"
            }
        },
        "node_modules/kind-of": {
            "version": "3.2.2",
            "resolved": "https://registry.npmjs.org/kind-of/-/kind-of-3.2.2.tgz",
            "integrity": "sha512-NOW9QQXMoZGg/oqnVNoNTTIFEIid1627WCffUBJEdMxYApq7mNE7CpzucIPc+ZQg25Phej7IJSmX3hO+oblOtQ==",
            "dependencies": {
                "is-buffer": "^1.1.5"
            },
            "engines": {
                "node": ">=0.10.0"
            }
        },
        "node_modules/lazy-cache": {
            "version": "1.0.4",
            "resolved": "https://registry.npmjs.org/lazy-cache/-/lazy-cache-1.0.4.tgz",
            "integrity": "sha512-RE2g0b5VGZsOCFOCgP7omTRYFqydmZkBwl5oNnQ1lDYC57uyO9KqNnNVxT7COSHTxrRCWVcAVOcbjk+tvh/rgQ==",
            "engines": {
                "node": ">=0.10.0"
            }
        },
        "node_modules/leaflet": {
            "version": "1.9.4",
            "resolved": "https://registry.npmjs.org/leaflet/-/leaflet-1.9.4.tgz",
            "integrity": "sha512-nxS1ynzJOmOlHp+iL3FyWqK89GtNL8U8rvlMOsQdTTssxZwCXh8N2NB3GDQOL+YR3XnWyZAxwQixURb+FA74PA=="
        },
        "node_modules/leaflet-draw": {
            "version": "1.0.4",
            "resolved": "https://registry.npmjs.org/leaflet-draw/-/leaflet-draw-1.0.4.tgz",
            "integrity": "sha512-rsQ6saQO5ST5Aj6XRFylr5zvarWgzWnrg46zQ1MEOEIHsppdC/8hnN8qMoFvACsPvTioAuysya/TVtog15tyAQ=="
        },
        "node_modules/leaflet-groupedlayercontrol": {
            "version": "0.6.1",
            "resolved": "https://registry.npmjs.org/leaflet-groupedlayercontrol/-/leaflet-groupedlayercontrol-0.6.1.tgz",
            "integrity": "sha512-xkGeH6ygcryFQI0FUWn6Bz93zlwrOSpeXgJQ3jLRoUQJ5h/Qgrz+GqR9nhBFfikjUKtC1sCKL3eDR9wNTWhLlA==",
            "dependencies": {
                "leaflet": "^1.0.1"
            }
        },
        "node_modules/leaflet-imageoverlay-rotated": {
            "version": "0.2.1",
            "resolved": "https://registry.npmjs.org/leaflet-imageoverlay-rotated/-/leaflet-imageoverlay-rotated-0.2.1.tgz",
            "integrity": "sha512-8MsrIuW/aXI0EjDXgJSJJ67nqVNQJsP/glmND9g6yc6t+zQgdPUbTRHC65jSs/IBwzwyhggnDgDuydalcEX+ew==",
            "dependencies": {
                "leaflet": "^1.0.0"
            }
        },
        "node_modules/leaflet.fullscreen": {
            "version": "2.2.0",
            "resolved": "https://registry.npmjs.org/leaflet.fullscreen/-/leaflet.fullscreen-2.2.0.tgz",
            "integrity": "sha512-qfL+vE6wRJX85aWNBag1Je5+W7niTtraFu4EkLIO6XSgN2pEsL/XefjOSIh/CFM00aaxbOpN6Rr2vZpvnpWWDQ=="
        },
        "node_modules/leaflet.markercluster": {
            "version": "1.5.3",
            "resolved": "https://registry.npmjs.org/leaflet.markercluster/-/leaflet.markercluster-1.5.3.tgz",
            "integrity": "sha512-vPTw/Bndq7eQHjLBVlWpnGeLa3t+3zGiuM7fJwCkiMFq+nmRuG3RI3f7f4N4TDX7T4NpbAXpR2+NTRSEGfCSeA==",
            "peerDependencies": {
                "leaflet": "^1.3.1"
            }
        },
        "node_modules/longest": {
            "version": "1.0.1",
            "resolved": "https://registry.npmjs.org/longest/-/longest-1.0.1.tgz",
            "integrity": "sha512-k+yt5n3l48JU4k8ftnKG6V7u32wyH2NfKzeMto9F/QRE0amxy/LayxwlvjjkZEIzqR+19IrtFO8p5kB9QaYUFg==",
            "engines": {
                "node": ">=0.10.0"
            }
        },
        "node_modules/muuri": {
            "version": "0.9.5",
            "resolved": "https://registry.npmjs.org/muuri/-/muuri-0.9.5.tgz",
            "integrity": "sha512-nJL9/Pd5IaIXGAVunBs/LLQ+v6tPkvlqCYrlauWESgkVFr+F+CRf8HnayRh4AqiQ1S/PIEN39fhJSe4L5rLlxg=="
        },
        "node_modules/repeat-string": {
            "version": "1.6.1",
            "resolved": "https://registry.npmjs.org/repeat-string/-/repeat-string-1.6.1.tgz",
            "integrity": "sha512-PV0dzCYDNfRi1jCDbJzpW7jNNDRuCOG/jI5ctQcGKt/clZD+YcPS3yIlWuTJMmESC8aevCFmWJy5wjAFgNqN6w==",
            "engines": {
                "node": ">=0.10"
            }
        },
        "node_modules/right-align": {
            "version": "0.1.3",
            "resolved": "https://registry.npmjs.org/right-align/-/right-align-0.1.3.tgz",
            "integrity": "sha512-yqINtL/G7vs2v+dFIZmFUDbnVyFUJFKd6gK22Kgo6R4jfJGFtisKyncWDDULgjfqf4ASQuIQyjJ7XZ+3aWpsAg==",
            "dependencies": {
                "align-text": "^0.1.1"
            },
            "engines": {
                "node": ">=0.10.0"
            }
        },
        "node_modules/source-map": {
            "version": "0.5.7",
            "resolved": "https://registry.npmjs.org/source-map/-/source-map-0.5.7.tgz",
            "integrity": "sha512-LbrmJOMUSdEVxIKvdcJzQC+nQhe8FUZQTXQy6+I75skNgn3OoQ0DZA8YnFa7gp8tqtL3KPf1kmo0R5DoApeSGQ==",
            "engines": {
                "node": ">=0.10.0"
            }
        },
        "node_modules/uglify-js": {
            "version": "2.7.4",
            "resolved": "https://registry.npmjs.org/uglify-js/-/uglify-js-2.7.4.tgz",
            "integrity": "sha512-3fRfvQZzQlvfSO/w3VflUO9TQFd3iH8RoxyuWXI74W1Xo8SXOJB25xQKsY4VHHbdDAtjfBIUo7uH/nppXXP3/A==",
            "dependencies": {
                "async": "~0.2.6",
                "source-map": "~0.5.1",
                "uglify-to-browserify": "~1.0.0",
                "yargs": "~3.10.0"
            },
            "bin": {
                "uglifyjs": "bin/uglifyjs"
            },
            "engines": {
                "node": ">=0.8.0"
            }
        },
        "node_modules/uglify-to-browserify": {
            "version": "1.0.2",
            "resolved": "https://registry.npmjs.org/uglify-to-browserify/-/uglify-to-browserify-1.0.2.tgz",
            "integrity": "sha512-vb2s1lYx2xBtUgy+ta+b2J/GLVUR+wmpINwHePmPRhOsIVCG2wDzKJ0n14GslH1BifsqVzSOwQhRaCAsZ/nI4Q=="
        },
        "node_modules/window-size": {
            "version": "0.1.0",
            "resolved": "https://registry.npmjs.org/window-size/-/window-size-0.1.0.tgz",
            "integrity": "sha512-1pTPQDKTdd61ozlKGNCjhNRd+KPmgLSGa3mZTHoOliaGcESD8G1PXhh7c1fgiPjVbNVfgy2Faw4BI8/m0cC8Mg==",
            "engines": {
                "node": ">= 0.8.0"
            }
        },
        "node_modules/wordwrap": {
            "version": "0.0.2",
            "resolved": "https://registry.npmjs.org/wordwrap/-/wordwrap-0.0.2.tgz",
            "integrity": "sha512-xSBsCeh+g+dinoBv3GAOWM4LcVVO68wLXRanibtBSdUvkGWQRGeE9P7IwU9EmDDi4jA6L44lz15CGMwdw9N5+Q==",
            "engines": {
                "node": ">=0.4.0"
            }
        },
        "node_modules/yargs": {
            "version": "3.10.0",
            "resolved": "https://registry.npmjs.org/yargs/-/yargs-3.10.0.tgz",
            "integrity": "sha512-QFzUah88GAGy9lyDKGBqZdkYApt63rCXYBGYnEP4xDJPXNqXXnBDACnbrXnViV6jRSqAePwrATi2i8mfYm4L1A==",
            "dependencies": {
                "camelcase": "^1.0.2",
                "cliui": "^2.1.0",
                "decamelize": "^1.0.0",
                "window-size": "0.1.0"
            }
        }
    }
}
